
Microsoft Visual Studio Solution File, Format Version 12.00
Project("{FAE04EC0-301F-11D3-BF4B-00C04F79EFBC}") = "UnderstandingDotNet.IHttpClientFactory.AspNet", "UnderstandingDotNet.IHttpClientFactory.AspNet\UnderstandingDotNet.IHttpClientFactory.AspNet.csproj", "{0A8896D3-A8DF-449B-A614-5E16F0F3CCD8}"
EndProject
Global
	GlobalSection(SolutionConfigurationPlatforms) = preSolution
		Debug|Any CPU = Debug|Any CPU
		Release|Any CPU = Release|Any CPU
	EndGlobalSection
	GlobalSection(ProjectConfigurationPlatforms) = postSolution
		{0A8896D3-A8DF-449B-A614-5E16F0F3CCD8}.Debug|Any CPU.ActiveCfg = Debug|Any CPU
		{0A8896D3-A8DF-449B-A614-5E16F0F3CCD8}.Debug|Any CPU.Build.0 = Debug|Any CPU
		{0A8896D3-A8DF-449B-A614-5E16F0F3CCD8}.Release|Any CPU.ActiveCfg = Release|Any CPU
		{0A8896D3-A8DF-449B-A614-5E16F0F3CCD8}.Release|Any CPU.Build.0 = Release|Any CPU
	EndGlobalSection
EndGlobal
